
Microsoft Visual Studio Solution File, Format Version 12.00
# Visual Studio Version 17
VisualStudioVersion = 17.11.35303.130
MinimumVisualStudioVersion = 10.0.40219.1
Project("{9A19103F-16F7-4668-BE54-9A1E7A4F7556}") = "Sparkles", "Sparkles\Sparkles.csproj", "{2C914413-B31C-4362-93C7-1AE34F09112A}"
EndProject
Project("{9A19103F-16F7-4668-BE54-9A1E7A4F7556}") = "Sparkles.Git", "Sparkles\Git\Sparkles.Git.csproj", "{009FDCD7-1D57-4202-BB6D-8477D8C6B8EE}"
EndProject
Project("{9A19103F-16F7-4668-BE54-9A1E7A4F7556}") = "SparkleShare.Windows", "SparkleShare\Windows\SparkleShare.Windows.csproj", "{728483AA-E34B-4441-BF2C-C8BC2901E4E0}"
EndProject
Project("{D954291E-2A0B-460D-934E-DC6B0785DB48}") = "SparkleShare", "SparkleShare\Common\SparkleShare.shproj", "{F16E3683-B622-4654-B799-99C8D68AA963}"
EndProject
Project("{9A19103F-16F7-4668-BE54-9A1E7A4F7556}") = "Sparkles.Tests", "Sparkles\Tests\Sparkles.Tests.csproj", "{8AB2969A-951F-4146-A0DD-C46D7526AC20}"
EndProject
Project("{B7DD6F7E-DEF8-4E67-B5B7-07EF123DB6F0}") = "SparkleShare.Windows.Installer", "SparkleShare\Windows\Installer\SparkleShare.Windows.Installer.wixproj", "{4DF0FBCD-0059-4FE7-AD90-91FE1C4F6900}"
	ProjectSection(ProjectDependencies) = postProject
		{728483AA-E34B-4441-BF2C-C8BC2901E4E0} = {728483AA-E34B-4441-BF2C-C8BC2901E4E0}
	EndProjectSection
EndProject
Global
	GlobalSection(SolutionConfigurationPlatforms) = preSolution
		Debug|Any CPU = Debug|Any CPU
		Debug|ARM64 = Debug|ARM64
		Debug|x64 = Debug|x64
		Debug|x86 = Debug|x86
		DebugMac|Any CPU = DebugMac|Any CPU
		DebugMac|ARM64 = DebugMac|ARM64
		DebugMac|x64 = DebugMac|x64
		DebugMac|x86 = DebugMac|x86
		DebugWindows|Any CPU = DebugWindows|Any CPU
		DebugWindows|ARM64 = DebugWindows|ARM64
		DebugWindows|x64 = DebugWindows|x64
		DebugWindows|x86 = DebugWindows|x86
		Release|Any CPU = Release|Any CPU
		Release|ARM64 = Release|ARM64
		Release|x64 = Release|x64
		Release|x86 = Release|x86
		ReleaseDist|Any CPU = ReleaseDist|Any CPU
		ReleaseDist|ARM64 = ReleaseDist|ARM64
		ReleaseDist|x64 = ReleaseDist|x64
		ReleaseDist|x86 = ReleaseDist|x86
		ReleaseMac|Any CPU = ReleaseMac|Any CPU
		ReleaseMac|ARM64 = ReleaseMac|ARM64
		ReleaseMac|x64 = ReleaseMac|x64
		ReleaseMac|x86 = ReleaseMac|x86
		ReleaseWindows|Any CPU = ReleaseWindows|Any CPU
		ReleaseWindows|ARM64 = ReleaseWindows|ARM64
		ReleaseWindows|x64 = ReleaseWindows|x64
		ReleaseWindows|x86 = ReleaseWindows|x86
	EndGlobalSection
	GlobalSection(ProjectConfigurationPlatforms) = postSolution
		{2C914413-B31C-4362-93C7-1AE34F09112A}.Debug|Any CPU.ActiveCfg = Debug|Any CPU
		{2C914413-B31C-4362-93C7-1AE34F09112A}.Debug|Any CPU.Build.0 = Debug|Any CPU
		{2C914413-B31C-4362-93C7-1AE34F09112A}.Debug|ARM64.ActiveCfg = Debug|Any CPU
		{2C914413-B31C-4362-93C7-1AE34F09112A}.Debug|ARM64.Build.0 = Debug|Any CPU
		{2C914413-B31C-4362-93C7-1AE34F09112A}.Debug|x64.ActiveCfg = Debug|Any CPU
		{2C914413-B31C-4362-93C7-1AE34F09112A}.Debug|x64.Build.0 = Debug|Any CPU
		{2C914413-B31C-4362-93C7-1AE34F09112A}.Debug|x86.ActiveCfg = Debug|Any CPU
		{2C914413-B31C-4362-93C7-1AE34F09112A}.Debug|x86.Build.0 = Debug|Any CPU
		{2C914413-B31C-4362-93C7-1AE34F09112A}.DebugMac|Any CPU.ActiveCfg = DebugMac|Any CPU
		{2C914413-B31C-4362-93C7-1AE34F09112A}.DebugMac|Any CPU.Build.0 = DebugMac|Any CPU
		{2C914413-B31C-4362-93C7-1AE34F09112A}.DebugMac|ARM64.ActiveCfg = DebugMac|Any CPU
		{2C914413-B31C-4362-93C7-1AE34F09112A}.DebugMac|ARM64.Build.0 = DebugMac|Any CPU
		{2C914413-B31C-4362-93C7-1AE34F09112A}.DebugMac|x64.ActiveCfg = DebugMac|Any CPU
		{2C914413-B31C-4362-93C7-1AE34F09112A}.DebugMac|x64.Build.0 = DebugMac|Any CPU
		{2C914413-B31C-4362-93C7-1AE34F09112A}.DebugMac|x86.ActiveCfg = DebugMac|Any CPU
		{2C914413-B31C-4362-93C7-1AE34F09112A}.DebugMac|x86.Build.0 = DebugMac|Any CPU
		{2C914413-B31C-4362-93C7-1AE34F09112A}.DebugWindows|Any CPU.ActiveCfg = DebugWindows|Any CPU
		{2C914413-B31C-4362-93C7-1AE34F09112A}.DebugWindows|Any CPU.Build.0 = DebugWindows|Any CPU
		{2C914413-B31C-4362-93C7-1AE34F09112A}.DebugWindows|ARM64.ActiveCfg = DebugWindows|Any CPU
		{2C914413-B31C-4362-93C7-1AE34F09112A}.DebugWindows|ARM64.Build.0 = DebugWindows|Any CPU
		{2C914413-B31C-4362-93C7-1AE34F09112A}.DebugWindows|x64.ActiveCfg = DebugWindows|Any CPU
		{2C914413-B31C-4362-93C7-1AE34F09112A}.DebugWindows|x64.Build.0 = DebugWindows|Any CPU
		{2C914413-B31C-4362-93C7-1AE34F09112A}.DebugWindows|x86.ActiveCfg = DebugWindows|Any CPU
		{2C914413-B31C-4362-93C7-1AE34F09112A}.DebugWindows|x86.Build.0 = DebugWindows|Any CPU
		{2C914413-B31C-4362-93C7-1AE34F09112A}.Release|Any CPU.ActiveCfg = Release|Any CPU
		{2C914413-B31C-4362-93C7-1AE34F09112A}.Release|Any CPU.Build.0 = Release|Any CPU
		{2C914413-B31C-4362-93C7-1AE34F09112A}.Release|ARM64.ActiveCfg = Release|Any CPU
		{2C914413-B31C-4362-93C7-1AE34F09112A}.Release|ARM64.Build.0 = Release|Any CPU
		{2C914413-B31C-4362-93C7-1AE34F09112A}.Release|x64.ActiveCfg = Release|Any CPU
		{2C914413-B31C-4362-93C7-1AE34F09112A}.Release|x64.Build.0 = Release|Any CPU
		{2C914413-B31C-4362-93C7-1AE34F09112A}.Release|x86.ActiveCfg = Release|Any CPU
		{2C914413-B31C-4362-93C7-1AE34F09112A}.Release|x86.Build.0 = Release|Any CPU
		{2C914413-B31C-4362-93C7-1AE34F09112A}.ReleaseDist|Any CPU.ActiveCfg = Release|Any CPU
		{2C914413-B31C-4362-93C7-1AE34F09112A}.ReleaseDist|Any CPU.Build.0 = Release|Any CPU
		{2C914413-B31C-4362-93C7-1AE34F09112A}.ReleaseDist|ARM64.ActiveCfg = ReleaseWindows|Any CPU
		{2C914413-B31C-4362-93C7-1AE34F09112A}.ReleaseDist|ARM64.Build.0 = ReleaseWindows|Any CPU
		{2C914413-B31C-4362-93C7-1AE34F09112A}.ReleaseDist|x64.ActiveCfg = ReleaseWindows|Any CPU
		{2C914413-B31C-4362-93C7-1AE34F09112A}.ReleaseDist|x64.Build.0 = ReleaseWindows|Any CPU
		{2C914413-B31C-4362-93C7-1AE34F09112A}.ReleaseDist|x86.ActiveCfg = ReleaseWindows|Any CPU
		{2C914413-B31C-4362-93C7-1AE34F09112A}.ReleaseDist|x86.Build.0 = ReleaseWindows|Any CPU
		{2C914413-B31C-4362-93C7-1AE34F09112A}.ReleaseMac|Any CPU.ActiveCfg = ReleaseMac|Any CPU
		{2C914413-B31C-4362-93C7-1AE34F09112A}.ReleaseMac|Any CPU.Build.0 = ReleaseMac|Any CPU
		{2C914413-B31C-4362-93C7-1AE34F09112A}.ReleaseMac|ARM64.ActiveCfg = ReleaseMac|Any CPU
		{2C914413-B31C-4362-93C7-1AE34F09112A}.ReleaseMac|ARM64.Build.0 = ReleaseMac|Any CPU
		{2C914413-B31C-4362-93C7-1AE34F09112A}.ReleaseMac|x64.ActiveCfg = ReleaseMac|Any CPU
		{2C914413-B31C-4362-93C7-1AE34F09112A}.ReleaseMac|x64.Build.0 = ReleaseMac|Any CPU
		{2C914413-B31C-4362-93C7-1AE34F09112A}.ReleaseMac|x86.ActiveCfg = ReleaseMac|Any CPU
		{2C914413-B31C-4362-93C7-1AE34F09112A}.ReleaseMac|x86.Build.0 = ReleaseMac|Any CPU
		{2C914413-B31C-4362-93C7-1AE34F09112A}.ReleaseWindows|Any CPU.ActiveCfg = Release|Any CPU
		{2C914413-B31C-4362-93C7-1AE34F09112A}.ReleaseWindows|Any CPU.Build.0 = Release|Any CPU
		{2C914413-B31C-4362-93C7-1AE34F09112A}.ReleaseWindows|ARM64.ActiveCfg = ReleaseWindows|Any CPU
		{2C914413-B31C-4362-93C7-1AE34F09112A}.ReleaseWindows|ARM64.Build.0 = ReleaseWindows|Any CPU
		{2C914413-B31C-4362-93C7-1AE34F09112A}.ReleaseWindows|x64.ActiveCfg = ReleaseWindows|Any CPU
		{2C914413-B31C-4362-93C7-1AE34F09112A}.ReleaseWindows|x64.Build.0 = ReleaseWindows|Any CPU
		{2C914413-B31C-4362-93C7-1AE34F09112A}.ReleaseWindows|x86.ActiveCfg = ReleaseWindows|Any CPU
		{2C914413-B31C-4362-93C7-1AE34F09112A}.ReleaseWindows|x86.Build.0 = ReleaseWindows|Any CPU
		{009FDCD7-1D57-4202-BB6D-8477D8C6B8EE}.Debug|Any CPU.ActiveCfg = Debug|Any CPU
		{009FDCD7-1D57-4202-BB6D-8477D8C6B8EE}.Debug|Any CPU.Build.0 = Debug|Any CPU
		{009FDCD7-1D57-4202-BB6D-8477D8C6B8EE}.Debug|ARM64.ActiveCfg = Debug|Any CPU
		{009FDCD7-1D57-4202-BB6D-8477D8C6B8EE}.Debug|ARM64.Build.0 = Debug|Any CPU
		{009FDCD7-1D57-4202-BB6D-8477D8C6B8EE}.Debug|x64.ActiveCfg = Debug|Any CPU
		{009FDCD7-1D57-4202-BB6D-8477D8C6B8EE}.Debug|x64.Build.0 = Debug|Any CPU
		{009FDCD7-1D57-4202-BB6D-8477D8C6B8EE}.Debug|x86.ActiveCfg = Debug|Any CPU
		{009FDCD7-1D57-4202-BB6D-8477D8C6B8EE}.Debug|x86.Build.0 = Debug|Any CPU
		{009FDCD7-1D57-4202-BB6D-8477D8C6B8EE}.DebugMac|Any CPU.ActiveCfg = DebugMac|Any CPU
		{009FDCD7-1D57-4202-BB6D-8477D8C6B8EE}.DebugMac|Any CPU.Build.0 = DebugMac|Any CPU
		{009FDCD7-1D57-4202-BB6D-8477D8C6B8EE}.DebugMac|ARM64.ActiveCfg = DebugMac|Any CPU
		{009FDCD7-1D57-4202-BB6D-8477D8C6B8EE}.DebugMac|ARM64.Build.0 = DebugMac|Any CPU
		{009FDCD7-1D57-4202-BB6D-8477D8C6B8EE}.DebugMac|x64.ActiveCfg = DebugMac|Any CPU
		{009FDCD7-1D57-4202-BB6D-8477D8C6B8EE}.DebugMac|x64.Build.0 = DebugMac|Any CPU
		{009FDCD7-1D57-4202-BB6D-8477D8C6B8EE}.DebugMac|x86.ActiveCfg = DebugMac|Any CPU
		{009FDCD7-1D57-4202-BB6D-8477D8C6B8EE}.DebugMac|x86.Build.0 = DebugMac|Any CPU
		{009FDCD7-1D57-4202-BB6D-8477D8C6B8EE}.DebugWindows|Any CPU.ActiveCfg = DebugWindows|Any CPU
		{009FDCD7-1D57-4202-BB6D-8477D8C6B8EE}.DebugWindows|Any CPU.Build.0 = DebugWindows|Any CPU
		{009FDCD7-1D57-4202-BB6D-8477D8C6B8EE}.DebugWindows|ARM64.ActiveCfg = DebugWindows|Any CPU
		{009FDCD7-1D57-4202-BB6D-8477D8C6B8EE}.DebugWindows|ARM64.Build.0 = DebugWindows|Any CPU
		{009FDCD7-1D57-4202-BB6D-8477D8C6B8EE}.DebugWindows|x64.ActiveCfg = DebugWindows|Any CPU
		{009FDCD7-1D57-4202-BB6D-8477D8C6B8EE}.DebugWindows|x64.Build.0 = DebugWindows|Any CPU
		{009FDCD7-1D57-4202-BB6D-8477D8C6B8EE}.DebugWindows|x86.ActiveCfg = DebugWindows|Any CPU
		{009FDCD7-1D57-4202-BB6D-8477D8C6B8EE}.DebugWindows|x86.Build.0 = DebugWindows|Any CPU
		{009FDCD7-1D57-4202-BB6D-8477D8C6B8EE}.Release|Any CPU.ActiveCfg = Release|Any CPU
		{009FDCD7-1D57-4202-BB6D-8477D8C6B8EE}.Release|Any CPU.Build.0 = Release|Any CPU
		{009FDCD7-1D57-4202-BB6D-8477D8C6B8EE}.Release|ARM64.ActiveCfg = Release|Any CPU
		{009FDCD7-1D57-4202-BB6D-8477D8C6B8EE}.Release|ARM64.Build.0 = Release|Any CPU
		{009FDCD7-1D57-4202-BB6D-8477D8C6B8EE}.Release|x64.ActiveCfg = Release|Any CPU
		{009FDCD7-1D57-4202-BB6D-8477D8C6B8EE}.Release|x64.Build.0 = Release|Any CPU
		{009FDCD7-1D57-4202-BB6D-8477D8C6B8EE}.Release|x86.ActiveCfg = Release|Any CPU
		{009FDCD7-1D57-4202-BB6D-8477D8C6B8EE}.Release|x86.Build.0 = Release|Any CPU
		{009FDCD7-1D57-4202-BB6D-8477D8C6B8EE}.ReleaseDist|Any CPU.ActiveCfg = Release|Any CPU
		{009FDCD7-1D57-4202-BB6D-8477D8C6B8EE}.ReleaseDist|Any CPU.Build.0 = Release|Any CPU
		{009FDCD7-1D57-4202-BB6D-8477D8C6B8EE}.ReleaseDist|ARM64.ActiveCfg = ReleaseWindows|Any CPU
		{009FDCD7-1D57-4202-BB6D-8477D8C6B8EE}.ReleaseDist|ARM64.Build.0 = ReleaseWindows|Any CPU
		{009FDCD7-1D57-4202-BB6D-8477D8C6B8EE}.ReleaseDist|x64.ActiveCfg = ReleaseWindows|Any CPU
		{009FDCD7-1D57-4202-BB6D-8477D8C6B8EE}.ReleaseDist|x64.Build.0 = ReleaseWindows|Any CPU
		{009FDCD7-1D57-4202-BB6D-8477D8C6B8EE}.ReleaseDist|x86.ActiveCfg = ReleaseWindows|Any CPU
		{009FDCD7-1D57-4202-BB6D-8477D8C6B8EE}.ReleaseDist|x86.Build.0 = ReleaseWindows|Any CPU
		{009FDCD7-1D57-4202-BB6D-8477D8C6B8EE}.ReleaseMac|Any CPU.ActiveCfg = ReleaseMac|Any CPU
		{009FDCD7-1D57-4202-BB6D-8477D8C6B8EE}.ReleaseMac|Any CPU.Build.0 = ReleaseMac|Any CPU
		{009FDCD7-1D57-4202-BB6D-8477D8C6B8EE}.ReleaseMac|ARM64.ActiveCfg = ReleaseMac|Any CPU
		{009FDCD7-1D57-4202-BB6D-8477D8C6B8EE}.ReleaseMac|ARM64.Build.0 = ReleaseMac|Any CPU
		{009FDCD7-1D57-4202-BB6D-8477D8C6B8EE}.ReleaseMac|x64.ActiveCfg = ReleaseMac|Any CPU
		{009FDCD7-1D57-4202-BB6D-8477D8C6B8EE}.ReleaseMac|x64.Build.0 = ReleaseMac|Any CPU
		{009FDCD7-1D57-4202-BB6D-8477D8C6B8EE}.ReleaseMac|x86.ActiveCfg = ReleaseMac|Any CPU
		{009FDCD7-1D57-4202-BB6D-8477D8C6B8EE}.ReleaseMac|x86.Build.0 = ReleaseMac|Any CPU
		{009FDCD7-1D57-4202-BB6D-8477D8C6B8EE}.ReleaseWindows|Any CPU.ActiveCfg = Release|Any CPU
		{009FDCD7-1D57-4202-BB6D-8477D8C6B8EE}.ReleaseWindows|Any CPU.Build.0 = Release|Any CPU
		{009FDCD7-1D57-4202-BB6D-8477D8C6B8EE}.ReleaseWindows|ARM64.ActiveCfg = ReleaseWindows|Any CPU
		{009FDCD7-1D57-4202-BB6D-8477D8C6B8EE}.ReleaseWindows|ARM64.Build.0 = ReleaseWindows|Any CPU
		{009FDCD7-1D57-4202-BB6D-8477D8C6B8EE}.ReleaseWindows|x64.ActiveCfg = ReleaseWindows|Any CPU
		{009FDCD7-1D57-4202-BB6D-8477D8C6B8EE}.ReleaseWindows|x64.Build.0 = ReleaseWindows|Any CPU
		{009FDCD7-1D57-4202-BB6D-8477D8C6B8EE}.ReleaseWindows|x86.ActiveCfg = ReleaseWindows|Any CPU
		{009FDCD7-1D57-4202-BB6D-8477D8C6B8EE}.ReleaseWindows|x86.Build.0 = ReleaseWindows|Any CPU
		{728483AA-E34B-4441-BF2C-C8BC2901E4E0}.Debug|Any CPU.ActiveCfg = Debug|Any CPU
		{728483AA-E34B-4441-BF2C-C8BC2901E4E0}.Debug|Any CPU.Build.0 = Debug|Any CPU
		{728483AA-E34B-4441-BF2C-C8BC2901E4E0}.Debug|ARM64.ActiveCfg = Debug|Any CPU
		{728483AA-E34B-4441-BF2C-C8BC2901E4E0}.Debug|ARM64.Build.0 = Debug|Any CPU
		{728483AA-E34B-4441-BF2C-C8BC2901E4E0}.Debug|x64.ActiveCfg = Debug|Any CPU
		{728483AA-E34B-4441-BF2C-C8BC2901E4E0}.Debug|x64.Build.0 = Debug|Any CPU
		{728483AA-E34B-4441-BF2C-C8BC2901E4E0}.Debug|x86.ActiveCfg = Debug|Any CPU
		{728483AA-E34B-4441-BF2C-C8BC2901E4E0}.Debug|x86.Build.0 = Debug|Any CPU
		{728483AA-E34B-4441-BF2C-C8BC2901E4E0}.DebugMac|Any CPU.ActiveCfg = DebugMac|Any CPU
		{728483AA-E34B-4441-BF2C-C8BC2901E4E0}.DebugMac|ARM64.ActiveCfg = DebugMac|Any CPU
		{728483AA-E34B-4441-BF2C-C8BC2901E4E0}.DebugMac|ARM64.Build.0 = DebugMac|Any CPU
		{728483AA-E34B-4441-BF2C-C8BC2901E4E0}.DebugMac|x64.ActiveCfg = DebugMac|Any CPU
		{728483AA-E34B-4441-BF2C-C8BC2901E4E0}.DebugMac|x64.Build.0 = DebugMac|Any CPU
		{728483AA-E34B-4441-BF2C-C8BC2901E4E0}.DebugMac|x86.ActiveCfg = DebugMac|Any CPU
		{728483AA-E34B-4441-BF2C-C8BC2901E4E0}.DebugMac|x86.Build.0 = DebugMac|Any CPU
		{728483AA-E34B-4441-BF2C-C8BC2901E4E0}.DebugWindows|Any CPU.ActiveCfg = DebugWindows|Any CPU
		{728483AA-E34B-4441-BF2C-C8BC2901E4E0}.DebugWindows|Any CPU.Build.0 = DebugWindows|Any CPU
		{728483AA-E34B-4441-BF2C-C8BC2901E4E0}.DebugWindows|ARM64.ActiveCfg = DebugWindows|Any CPU
		{728483AA-E34B-4441-BF2C-C8BC2901E4E0}.DebugWindows|ARM64.Build.0 = DebugWindows|Any CPU
		{728483AA-E34B-4441-BF2C-C8BC2901E4E0}.DebugWindows|x64.ActiveCfg = DebugWindows|Any CPU
		{728483AA-E34B-4441-BF2C-C8BC2901E4E0}.DebugWindows|x64.Build.0 = DebugWindows|Any CPU
		{728483AA-E34B-4441-BF2C-C8BC2901E4E0}.DebugWindows|x86.ActiveCfg = DebugWindows|Any CPU
		{728483AA-E34B-4441-BF2C-C8BC2901E4E0}.DebugWindows|x86.Build.0 = DebugWindows|Any CPU
		{728483AA-E34B-4441-BF2C-C8BC2901E4E0}.Release|Any CPU.ActiveCfg = Release|Any CPU
		{728483AA-E34B-4441-BF2C-C8BC2901E4E0}.Release|Any CPU.Build.0 = Release|Any CPU
		{728483AA-E34B-4441-BF2C-C8BC2901E4E0}.Release|ARM64.ActiveCfg = Release|Any CPU
		{728483AA-E34B-4441-BF2C-C8BC2901E4E0}.Release|ARM64.Build.0 = Release|Any CPU
		{728483AA-E34B-4441-BF2C-C8BC2901E4E0}.Release|x64.ActiveCfg = Release|Any CPU
		{728483AA-E34B-4441-BF2C-C8BC2901E4E0}.Release|x64.Build.0 = Release|Any CPU
		{728483AA-E34B-4441-BF2C-C8BC2901E4E0}.Release|x86.ActiveCfg = Release|Any CPU
		{728483AA-E34B-4441-BF2C-C8BC2901E4E0}.Release|x86.Build.0 = Release|Any CPU
		{728483AA-E34B-4441-BF2C-C8BC2901E4E0}.ReleaseDist|Any CPU.ActiveCfg = Release|Any CPU
		{728483AA-E34B-4441-BF2C-C8BC2901E4E0}.ReleaseDist|Any CPU.Build.0 = Release|Any CPU
		{728483AA-E34B-4441-BF2C-C8BC2901E4E0}.ReleaseDist|ARM64.ActiveCfg = ReleaseWindows|Any CPU
		{728483AA-E34B-4441-BF2C-C8BC2901E4E0}.ReleaseDist|ARM64.Build.0 = ReleaseWindows|Any CPU
		{728483AA-E34B-4441-BF2C-C8BC2901E4E0}.ReleaseDist|x64.ActiveCfg = ReleaseWindows|Any CPU
		{728483AA-E34B-4441-BF2C-C8BC2901E4E0}.ReleaseDist|x64.Build.0 = ReleaseWindows|Any CPU
		{728483AA-E34B-4441-BF2C-C8BC2901E4E0}.ReleaseDist|x86.ActiveCfg = ReleaseWindows|Any CPU
		{728483AA-E34B-4441-BF2C-C8BC2901E4E0}.ReleaseDist|x86.Build.0 = ReleaseWindows|Any CPU
		{728483AA-E34B-4441-BF2C-C8BC2901E4E0}.ReleaseMac|Any CPU.ActiveCfg = ReleaseMac|Any CPU
		{728483AA-E34B-4441-BF2C-C8BC2901E4E0}.ReleaseMac|ARM64.ActiveCfg = ReleaseMac|Any CPU
		{728483AA-E34B-4441-BF2C-C8BC2901E4E0}.ReleaseMac|ARM64.Build.0 = ReleaseMac|Any CPU
		{728483AA-E34B-4441-BF2C-C8BC2901E4E0}.ReleaseMac|x64.ActiveCfg = ReleaseMac|Any CPU
		{728483AA-E34B-4441-BF2C-C8BC2901E4E0}.ReleaseMac|x64.Build.0 = ReleaseMac|Any CPU
		{728483AA-E34B-4441-BF2C-C8BC2901E4E0}.ReleaseMac|x86.ActiveCfg = ReleaseMac|Any CPU
		{728483AA-E34B-4441-BF2C-C8BC2901E4E0}.ReleaseMac|x86.Build.0 = ReleaseMac|Any CPU
		{728483AA-E34B-4441-BF2C-C8BC2901E4E0}.ReleaseWindows|Any CPU.ActiveCfg = Release|Any CPU
		{728483AA-E34B-4441-BF2C-C8BC2901E4E0}.ReleaseWindows|Any CPU.Build.0 = Release|Any CPU
		{728483AA-E34B-4441-BF2C-C8BC2901E4E0}.ReleaseWindows|ARM64.ActiveCfg = ReleaseWindows|Any CPU
		{728483AA-E34B-4441-BF2C-C8BC2901E4E0}.ReleaseWindows|ARM64.Build.0 = ReleaseWindows|Any CPU
		{728483AA-E34B-4441-BF2C-C8BC2901E4E0}.ReleaseWindows|x64.ActiveCfg = ReleaseWindows|Any CPU
		{728483AA-E34B-4441-BF2C-C8BC2901E4E0}.ReleaseWindows|x64.Build.0 = ReleaseWindows|Any CPU
		{728483AA-E34B-4441-BF2C-C8BC2901E4E0}.ReleaseWindows|x86.ActiveCfg = ReleaseWindows|Any CPU
		{728483AA-E34B-4441-BF2C-C8BC2901E4E0}.ReleaseWindows|x86.Build.0 = ReleaseWindows|Any CPU
		{8AB2969A-951F-4146-A0DD-C46D7526AC20}.Debug|Any CPU.ActiveCfg = Debug|Any CPU
		{8AB2969A-951F-4146-A0DD-C46D7526AC20}.Debug|Any CPU.Build.0 = Debug|Any CPU
		{8AB2969A-951F-4146-A0DD-C46D7526AC20}.Debug|ARM64.ActiveCfg = Debug|Any CPU
		{8AB2969A-951F-4146-A0DD-C46D7526AC20}.Debug|ARM64.Build.0 = Debug|Any CPU
		{8AB2969A-951F-4146-A0DD-C46D7526AC20}.Debug|x64.ActiveCfg = Debug|Any CPU
		{8AB2969A-951F-4146-A0DD-C46D7526AC20}.Debug|x64.Build.0 = Debug|Any CPU
		{8AB2969A-951F-4146-A0DD-C46D7526AC20}.Debug|x86.ActiveCfg = Debug|Any CPU
		{8AB2969A-951F-4146-A0DD-C46D7526AC20}.Debug|x86.Build.0 = Debug|Any CPU
		{8AB2969A-951F-4146-A0DD-C46D7526AC20}.DebugMac|Any CPU.ActiveCfg = Debug|Any CPU
		{8AB2969A-951F-4146-A0DD-C46D7526AC20}.DebugMac|Any CPU.Build.0 = Debug|Any CPU
		{8AB2969A-951F-4146-A0DD-C46D7526AC20}.DebugMac|ARM64.ActiveCfg = Debug|Any CPU
		{8AB2969A-951F-4146-A0DD-C46D7526AC20}.DebugMac|ARM64.Build.0 = Debug|Any CPU
		{8AB2969A-951F-4146-A0DD-C46D7526AC20}.DebugMac|x64.ActiveCfg = Debug|Any CPU
		{8AB2969A-951F-4146-A0DD-C46D7526AC20}.DebugMac|x64.Build.0 = Debug|Any CPU
		{8AB2969A-951F-4146-A0DD-C46D7526AC20}.DebugMac|x86.ActiveCfg = Debug|Any CPU
		{8AB2969A-951F-4146-A0DD-C46D7526AC20}.DebugMac|x86.Build.0 = Debug|Any CPU
		{8AB2969A-951F-4146-A0DD-C46D7526AC20}.DebugWindows|Any CPU.ActiveCfg = Debug|Any CPU
		{8AB2969A-951F-4146-A0DD-C46D7526AC20}.DebugWindows|Any CPU.Build.0 = Debug|Any CPU
		{8AB2969A-951F-4146-A0DD-C46D7526AC20}.DebugWindows|ARM64.ActiveCfg = Debug|Any CPU
		{8AB2969A-951F-4146-A0DD-C46D7526AC20}.DebugWindows|ARM64.Build.0 = Debug|Any CPU
		{8AB2969A-951F-4146-A0DD-C46D7526AC20}.DebugWindows|x64.ActiveCfg = Debug|Any CPU
		{8AB2969A-951F-4146-A0DD-C46D7526AC20}.DebugWindows|x64.Build.0 = Debug|Any CPU
		{8AB2969A-951F-4146-A0DD-C46D7526AC20}.DebugWindows|x86.ActiveCfg = Debug|Any CPU
		{8AB2969A-951F-4146-A0DD-C46D7526AC20}.DebugWindows|x86.Build.0 = Debug|Any CPU
		{8AB2969A-951F-4146-A0DD-C46D7526AC20}.Release|Any CPU.ActiveCfg = Release|Any CPU
		{8AB2969A-951F-4146-A0DD-C46D7526AC20}.Release|Any CPU.Build.0 = Release|Any CPU
		{8AB2969A-951F-4146-A0DD-C46D7526AC20}.Release|ARM64.ActiveCfg = Release|Any CPU
		{8AB2969A-951F-4146-A0DD-C46D7526AC20}.Release|ARM64.Build.0 = Release|Any CPU
		{8AB2969A-951F-4146-A0DD-C46D7526AC20}.Release|x64.ActiveCfg = Release|Any CPU
		{8AB2969A-951F-4146-A0DD-C46D7526AC20}.Release|x64.Build.0 = Release|Any CPU
		{8AB2969A-951F-4146-A0DD-C46D7526AC20}.Release|x86.ActiveCfg = Release|Any CPU
		{8AB2969A-951F-4146-A0DD-C46D7526AC20}.Release|x86.Build.0 = Release|Any CPU
		{8AB2969A-951F-4146-A0DD-C46D7526AC20}.ReleaseDist|Any CPU.ActiveCfg = Release|Any CPU
		{8AB2969A-951F-4146-A0DD-C46D7526AC20}.ReleaseDist|Any CPU.Build.0 = Release|Any CPU
		{8AB2969A-951F-4146-A0DD-C46D7526AC20}.ReleaseDist|ARM64.ActiveCfg = Release|Any CPU
		{8AB2969A-951F-4146-A0DD-C46D7526AC20}.ReleaseDist|ARM64.Build.0 = Release|Any CPU
		{8AB2969A-951F-4146-A0DD-C46D7526AC20}.ReleaseDist|x64.ActiveCfg = Release|Any CPU
		{8AB2969A-951F-4146-A0DD-C46D7526AC20}.ReleaseDist|x64.Build.0 = Release|Any CPU
		{8AB2969A-951F-4146-A0DD-C46D7526AC20}.ReleaseDist|x86.ActiveCfg = Release|Any CPU
		{8AB2969A-951F-4146-A0DD-C46D7526AC20}.ReleaseDist|x86.Build.0 = Release|Any CPU
		{8AB2969A-951F-4146-A0DD-C46D7526AC20}.ReleaseMac|Any CPU.ActiveCfg = Release|Any CPU
		{8AB2969A-951F-4146-A0DD-C46D7526AC20}.ReleaseMac|Any CPU.Build.0 = Release|Any CPU
		{8AB2969A-951F-4146-A0DD-C46D7526AC20}.ReleaseMac|ARM64.ActiveCfg = Release|Any CPU
		{8AB2969A-951F-4146-A0DD-C46D7526AC20}.ReleaseMac|ARM64.Build.0 = Release|Any CPU
		{8AB2969A-951F-4146-A0DD-C46D7526AC20}.ReleaseMac|x64.ActiveCfg = Release|Any CPU
		{8AB2969A-951F-4146-A0DD-C46D7526AC20}.ReleaseMac|x64.Build.0 = Release|Any CPU
		{8AB2969A-951F-4146-A0DD-C46D7526AC20}.ReleaseMac|x86.ActiveCfg = Release|Any CPU
		{8AB2969A-951F-4146-A0DD-C46D7526AC20}.ReleaseMac|x86.Build.0 = Release|Any CPU
		{8AB2969A-951F-4146-A0DD-C46D7526AC20}.ReleaseWindows|Any CPU.ActiveCfg = Release|Any CPU
		{8AB2969A-951F-4146-A0DD-C46D7526AC20}.ReleaseWindows|Any CPU.Build.0 = Release|Any CPU
		{8AB2969A-951F-4146-A0DD-C46D7526AC20}.ReleaseWindows|ARM64.ActiveCfg = Release|Any CPU
		{8AB2969A-951F-4146-A0DD-C46D7526AC20}.ReleaseWindows|ARM64.Build.0 = Release|Any CPU
		{8AB2969A-951F-4146-A0DD-C46D7526AC20}.ReleaseWindows|x64.ActiveCfg = Release|Any CPU
		{8AB2969A-951F-4146-A0DD-C46D7526AC20}.ReleaseWindows|x64.Build.0 = Release|Any CPU
		{8AB2969A-951F-4146-A0DD-C46D7526AC20}.ReleaseWindows|x86.ActiveCfg = Release|Any CPU
		{8AB2969A-951F-4146-A0DD-C46D7526AC20}.ReleaseWindows|x86.Build.0 = Release|Any CPU
		{4DF0FBCD-0059-4FE7-AD90-91FE1C4F6900}.Debug|Any CPU.ActiveCfg = Debug|x64
		{4DF0FBCD-0059-4FE7-AD90-91FE1C4F6900}.Debug|Any CPU.Build.0 = Debug|x64
		{4DF0FBCD-0059-4FE7-AD90-91FE1C4F6900}.Debug|ARM64.ActiveCfg = Debug|ARM64
		{4DF0FBCD-0059-4FE7-AD90-91FE1C4F6900}.Debug|ARM64.Build.0 = Debug|ARM64
		{4DF0FBCD-0059-4FE7-AD90-91FE1C4F6900}.Debug|x64.ActiveCfg = Debug|x64
		{4DF0FBCD-0059-4FE7-AD90-91FE1C4F6900}.Debug|x64.Build.0 = Debug|x64
		{4DF0FBCD-0059-4FE7-AD90-91FE1C4F6900}.Debug|x86.ActiveCfg = Debug|x86
		{4DF0FBCD-0059-4FE7-AD90-91FE1C4F6900}.Debug|x86.Build.0 = Debug|x86
		{4DF0FBCD-0059-4FE7-AD90-91FE1C4F6900}.DebugMac|Any CPU.ActiveCfg = Debug|x64
		{4DF0FBCD-0059-4FE7-AD90-91FE1C4F6900}.DebugMac|Any CPU.Build.0 = Debug|x64
		{4DF0FBCD-0059-4FE7-AD90-91FE1C4F6900}.DebugMac|ARM64.ActiveCfg = Debug|ARM64
		{4DF0FBCD-0059-4FE7-AD90-91FE1C4F6900}.DebugMac|ARM64.Build.0 = Debug|ARM64
		{4DF0FBCD-0059-4FE7-AD90-91FE1C4F6900}.DebugMac|x64.ActiveCfg = Debug|x64
		{4DF0FBCD-0059-4FE7-AD90-91FE1C4F6900}.DebugMac|x64.Build.0 = Debug|x64
		{4DF0FBCD-0059-4FE7-AD90-91FE1C4F6900}.DebugMac|x86.ActiveCfg = Debug|x86
		{4DF0FBCD-0059-4FE7-AD90-91FE1C4F6900}.DebugMac|x86.Build.0 = Debug|x86
		{4DF0FBCD-0059-4FE7-AD90-91FE1C4F6900}.DebugWindows|Any CPU.ActiveCfg = Debug|x64
		{4DF0FBCD-0059-4FE7-AD90-91FE1C4F6900}.DebugWindows|Any CPU.Build.0 = Debug|x64
		{4DF0FBCD-0059-4FE7-AD90-91FE1C4F6900}.DebugWindows|ARM64.ActiveCfg = Debug|ARM64
		{4DF0FBCD-0059-4FE7-AD90-91FE1C4F6900}.DebugWindows|ARM64.Build.0 = Debug|ARM64
		{4DF0FBCD-0059-4FE7-AD90-91FE1C4F6900}.DebugWindows|x64.ActiveCfg = Debug|x64
		{4DF0FBCD-0059-4FE7-AD90-91FE1C4F6900}.DebugWindows|x64.Build.0 = Debug|x64
		{4DF0FBCD-0059-4FE7-AD90-91FE1C4F6900}.DebugWindows|x86.ActiveCfg = Debug|x86
		{4DF0FBCD-0059-4FE7-AD90-91FE1C4F6900}.DebugWindows|x86.Build.0 = Debug|x86
		{4DF0FBCD-0059-4FE7-AD90-91FE1C4F6900}.Release|Any CPU.ActiveCfg = Release|x64
		{4DF0FBCD-0059-4FE7-AD90-91FE1C4F6900}.Release|Any CPU.Build.0 = Release|x64
		{4DF0FBCD-0059-4FE7-AD90-91FE1C4F6900}.Release|ARM64.ActiveCfg = Release|ARM64
		{4DF0FBCD-0059-4FE7-AD90-91FE1C4F6900}.Release|ARM64.Build.0 = Release|ARM64
		{4DF0FBCD-0059-4FE7-AD90-91FE1C4F6900}.Release|x64.ActiveCfg = Release|x64
		{4DF0FBCD-0059-4FE7-AD90-91FE1C4F6900}.Release|x64.Build.0 = Release|x64
		{4DF0FBCD-0059-4FE7-AD90-91FE1C4F6900}.Release|x86.ActiveCfg = Release|x86
		{4DF0FBCD-0059-4FE7-AD90-91FE1C4F6900}.Release|x86.Build.0 = Release|x86
		{4DF0FBCD-0059-4FE7-AD90-91FE1C4F6900}.ReleaseDist|Any CPU.ActiveCfg = Release|x64
		{4DF0FBCD-0059-4FE7-AD90-91FE1C4F6900}.ReleaseDist|Any CPU.Build.0 = Release|x64
		{4DF0FBCD-0059-4FE7-AD90-91FE1C4F6900}.ReleaseDist|ARM64.ActiveCfg = Release|ARM64
		{4DF0FBCD-0059-4FE7-AD90-91FE1C4F6900}.ReleaseDist|ARM64.Build.0 = Release|ARM64
		{4DF0FBCD-0059-4FE7-AD90-91FE1C4F6900}.ReleaseDist|x64.ActiveCfg = Release|x64
		{4DF0FBCD-0059-4FE7-AD90-91FE1C4F6900}.ReleaseDist|x64.Build.0 = Release|x64
		{4DF0FBCD-0059-4FE7-AD90-91FE1C4F6900}.ReleaseDist|x86.ActiveCfg = Release|x86
		{4DF0FBCD-0059-4FE7-AD90-91FE1C4F6900}.ReleaseDist|x86.Build.0 = Release|x86
		{4DF0FBCD-0059-4FE7-AD90-91FE1C4F6900}.ReleaseMac|Any CPU.ActiveCfg = Release|x64
		{4DF0FBCD-0059-4FE7-AD90-91FE1C4F6900}.ReleaseMac|Any CPU.Build.0 = Release|x64
		{4DF0FBCD-0059-4FE7-AD90-91FE1C4F6900}.ReleaseMac|ARM64.ActiveCfg = Release|ARM64
		{4DF0FBCD-0059-4FE7-AD90-91FE1C4F6900}.ReleaseMac|ARM64.Build.0 = Release|ARM64
		{4DF0FBCD-0059-4FE7-AD90-91FE1C4F6900}.ReleaseMac|x64.ActiveCfg = Release|x64
		{4DF0FBCD-0059-4FE7-AD90-91FE1C4F6900}.ReleaseMac|x64.Build.0 = Release|x64
		{4DF0FBCD-0059-4FE7-AD90-91FE1C4F6900}.ReleaseMac|x86.ActiveCfg = Release|x86
		{4DF0FBCD-0059-4FE7-AD90-91FE1C4F6900}.ReleaseMac|x86.Build.0 = Release|x86
		{4DF0FBCD-0059-4FE7-AD90-91FE1C4F6900}.ReleaseWindows|Any CPU.ActiveCfg = Release|x64
		{4DF0FBCD-0059-4FE7-AD90-91FE1C4F6900}.ReleaseWindows|Any CPU.Build.0 = Release|x64
		{4DF0FBCD-0059-4FE7-AD90-91FE1C4F6900}.ReleaseWindows|ARM64.ActiveCfg = Release|ARM64
		{4DF0FBCD-0059-4FE7-AD90-91FE1C4F6900}.ReleaseWindows|ARM64.Build.0 = Release|ARM64
		{4DF0FBCD-0059-4FE7-AD90-91FE1C4F6900}.ReleaseWindows|x64.ActiveCfg = Release|x64
		{4DF0FBCD-0059-4FE7-AD90-91FE1C4F6900}.ReleaseWindows|x64.Build.0 = Release|x64
		{4DF0FBCD-0059-4FE7-AD90-91FE1C4F6900}.ReleaseWindows|x86.ActiveCfg = Release|x86
		{4DF0FBCD-0059-4FE7-AD90-91FE1C4F6900}.ReleaseWindows|x86.Build.0 = Release|x86
	EndGlobalSection
	GlobalSection(SolutionProperties) = preSolution
		HideSolutionNode = FALSE
	EndGlobalSection
	GlobalSection(ExtensibilityGlobals) = postSolution
		SolutionGuid = {36A991A8-DF23-4A30-9490-252CDA05BE90}
	EndGlobalSection
	GlobalSection(SharedMSBuildProjectFiles) = preSolution
		SparkleShare\Common\SparkleShare.projitems*{728483aa-e34b-4441-bf2c-c8bc2901e4e0}*SharedItemsImports = 5
		SparkleShare\Common\SparkleShare.projitems*{f16e3683-b622-4654-b799-99c8d68aa963}*SharedItemsImports = 13
	EndGlobalSection
	GlobalSection(MonoDevelopProperties) = preSolution
		Policies = $0
		$0.DotNetNamingPolicy = $1
		$1.DirectoryNamespaceAssociation = None
		$1.ResourceNamePolicy = FileFormatDefault
		$0.TextStylePolicy = $2
		$2.FileWidth = 120
		$2.inheritsSet = VisualStudio
		$2.inheritsScope = text/plain
		$2.scope = text/plain
		$0.CSharpFormattingPolicy = $3
		$3.inheritsSet = Mono
		$3.inheritsScope = text/x-csharp
		$3.scope = text/x-csharp
	EndGlobalSection
EndGlobal
