
Microsoft Visual Studio Solution File, Format Version 12.00
# Visual Studio Version 17
VisualStudioVersion = 17.5.002.0
MinimumVisualStudioVersion = 10.0.40219.1
Project("{9A19103F-16F7-4668-BE54-9A1E7A4F7556}") = "Sparkles", "Sparkles.csproj", "{B35C7D54-48FE-4A8A-8BDA-B47C1810E8BD}"
EndProject
Project("{9A19103F-16F7-4668-BE54-9A1E7A4F7556}") = "Sparkles.Git", "Git\Sparkles.Git.csproj", "{3E106CFA-6776-4FEC-96E7-A44075CB2BAE}"
EndProject
Project("{9A19103F-16F7-4668-BE54-9A1E7A4F7556}") = "Sparkles.Tests", "Tests\Sparkles.Tests.csproj", "{51AABECE-2D3F-4A71-BAD3-49F0017A7894}"
EndProject
Global
	GlobalSection(SolutionConfigurationPlatforms) = preSolution
		Debug|Any CPU = Debug|Any CPU
		Release|Any CPU = Release|Any CPU
	EndGlobalSection
	GlobalSection(ProjectConfigurationPlatforms) = postSolution
		{B35C7D54-48FE-4A8A-8BDA-B47C1810E8BD}.Debug|Any CPU.ActiveCfg = Debug|Any CPU
		{B35C7D54-48FE-4A8A-8BDA-B47C1810E8BD}.Debug|Any CPU.Build.0 = Debug|Any CPU
		{B35C7D54-48FE-4A8A-8BDA-B47C1810E8BD}.Release|Any CPU.ActiveCfg = Release|Any CPU
		{B35C7D54-48FE-4A8A-8BDA-B47C1810E8BD}.Release|Any CPU.Build.0 = Release|Any CPU
		{3E106CFA-6776-4FEC-96E7-A44075CB2BAE}.Debug|Any CPU.ActiveCfg = Debug|Any CPU
		{3E106CFA-6776-4FEC-96E7-A44075CB2BAE}.Debug|Any CPU.Build.0 = Debug|Any CPU
		{3E106CFA-6776-4FEC-96E7-A44075CB2BAE}.Release|Any CPU.ActiveCfg = Release|Any CPU
		{3E106CFA-6776-4FEC-96E7-A44075CB2BAE}.Release|Any CPU.Build.0 = Release|Any CPU
		{51AABECE-2D3F-4A71-BAD3-49F0017A7894}.Debug|Any CPU.ActiveCfg = Debug|Any CPU
		{51AABECE-2D3F-4A71-BAD3-49F0017A7894}.Debug|Any CPU.Build.0 = Debug|Any CPU
		{51AABECE-2D3F-4A71-BAD3-49F0017A7894}.Release|Any CPU.ActiveCfg = Release|Any CPU
		{51AABECE-2D3F-4A71-BAD3-49F0017A7894}.Release|Any CPU.Build.0 = Release|Any CPU
	EndGlobalSection
	GlobalSection(SolutionProperties) = preSolution
		HideSolutionNode = FALSE
	EndGlobalSection
	GlobalSection(ExtensibilityGlobals) = postSolution
		SolutionGuid = {277C3B41-3078-40F7-972F-8D5FF422CC5B}
	EndGlobalSection
EndGlobal
